
Microsoft Visual Studio Solution File, Format Version 12.00
# Visual Studio Version 16
VisualStudioVersion = 16.0.29509.3
MinimumVisualStudioVersion = 10.0.40219.1
Project("{FAE04EC0-301F-11D3-BF4B-00C04F79EFBC}") = "ProjectMovies", "ProjectMovies\ProjectMovies.csproj", "{B7BCA8D2-3E95-4F3F-8B62-75239227D28D}"
EndProject
Project("{FAE04EC0-301F-11D3-BF4B-00C04F79EFBC}") = "UnitTestProject1", "UnitTestProject1\UnitTestProject1.csproj", "{F25A4E43-E932-4D39-90FB-03597EFB17C6}"
EndProject
Global
	GlobalSection(SolutionConfigurationPlatforms) = preSolution
		Debug|Any CPU = Debug|Any CPU
		Release|Any CPU = Release|Any CPU
	EndGlobalSection
	GlobalSection(ProjectConfigurationPlatforms) = postSolution
		{B7BCA8D2-3E95-4F3F-8B62-75239227D28D}.Debug|Any CPU.ActiveCfg = Debug|Any CPU
		{B7BCA8D2-3E95-4F3F-8B62-75239227D28D}.Debug|Any CPU.Build.0 = Debug|Any CPU
		{B7BCA8D2-3E95-4F3F-8B62-75239227D28D}.Release|Any CPU.ActiveCfg = Release|Any CPU
		{B7BCA8D2-3E95-4F3F-8B62-75239227D28D}.Release|Any CPU.Build.0 = Release|Any CPU
		{F25A4E43-E932-4D39-90FB-03597EFB17C6}.Debug|Any CPU.ActiveCfg = Debug|Any CPU
		{F25A4E43-E932-4D39-90FB-03597EFB17C6}.Debug|Any CPU.Build.0 = Debug|Any CPU
		{F25A4E43-E932-4D39-90FB-03597EFB17C6}.Release|Any CPU.ActiveCfg = Release|Any CPU
		{F25A4E43-E932-4D39-90FB-03597EFB17C6}.Release|Any CPU.Build.0 = Release|Any CPU
	EndGlobalSection
	GlobalSection(SolutionProperties) = preSolution
		HideSolutionNode = FALSE
	EndGlobalSection
	GlobalSection(ExtensibilityGlobals) = postSolution
		SolutionGuid = {8DA166A4-1345-4D9A-9504-B431C1D2A1C5}
	EndGlobalSection
EndGlobal
